// !$*UTF8*$!
{
	archiveVersion = 1;
	classes = {
	};
	objectVersion = 46;
	objects = {

/* Begin PBXBuildFile section */
		C82E76101BC6C0430029F3AB /* LoaderScene.swift in Sources */ = {isa = PBXBuildFile; fileRef = C82E760F1BC6C0430029F3AB /* LoaderScene.swift */; settings = {ASSET_TAGS = (); }; };
		C82E76191BC703D00029F3AB /* DragReceiverView.swift in Sources */ = {isa = PBXBuildFile; fileRef = C82E76181BC703CF0029F3AB /* DragReceiverView.swift */; settings = {ASSET_TAGS = (); }; };
		C841FFA41BC97DC7003BAF34 /* materialcolors.png in Resources */ = {isa = PBXBuildFile; fileRef = C841FFA31BC97DC7003BAF34 /* materialcolors.png */; settings = {ASSET_TAGS = (); }; };
		C841FFAA1BC97F21003BAF34 /* material255.png in Resources */ = {isa = PBXBuildFile; fileRef = C841FFA91BC97F21003BAF34 /* material255.png */; settings = {ASSET_TAGS = (); }; };
		C841FFAC1BC9804C003BAF34 /* material190.png in Resources */ = {isa = PBXBuildFile; fileRef = C841FFAB1BC9804C003BAF34 /* material190.png */; settings = {ASSET_TAGS = (); }; };
		C841FFAE1BC98122003BAF34 /* materialnomid.png in Resources */ = {isa = PBXBuildFile; fileRef = C841FFAD1BC98122003BAF34 /* materialnomid.png */; settings = {ASSET_TAGS = (); }; };
		C841FFB01BC98366003BAF34 /* limitedmaterial.gif in Resources */ = {isa = PBXBuildFile; fileRef = C841FFAF1BC98366003BAF34 /* limitedmaterial.gif */; settings = {ASSET_TAGS = (); }; };
		C841FFD11BCA47E3003BAF34 /* DetailsViewController.swift in Sources */ = {isa = PBXBuildFile; fileRef = C841FFD01BCA47E3003BAF34 /* DetailsViewController.swift */; settings = {ASSET_TAGS = (); }; };
		C841FFD51BCB85CF003BAF34 /* Constants.swift in Sources */ = {isa = PBXBuildFile; fileRef = C841FFD41BCB85CF003BAF34 /* Constants.swift */; settings = {ASSET_TAGS = (); }; };
		C87469621BCCCF3E0017456E /* RollerCoasterGenerator.swift in Sources */ = {isa = PBXBuildFile; fileRef = C87469611BCCCF3E0017456E /* RollerCoasterGenerator.swift */; settings = {ASSET_TAGS = (); }; };
		C8ACAA091BC5F137001C5B20 /* Util.swift in Sources */ = {isa = PBXBuildFile; fileRef = C8ACAA081BC5F137001C5B20 /* Util.swift */; settings = {ASSET_TAGS = (); }; };
		C8ACAA0F1BC5F431001C5B20 /* MJWatchFolderTextView.swift in Sources */ = {isa = PBXBuildFile; fileRef = C8ACAA0E1BC5F431001C5B20 /* MJWatchFolderTextView.swift */; settings = {ASSET_TAGS = (); }; };
		C8ACAA111BC5FF0D001C5B20 /* FolderWatcher.swift in Sources */ = {isa = PBXBuildFile; fileRef = C8ACAA101BC5FF0D001C5B20 /* FolderWatcher.swift */; settings = {ASSET_TAGS = (); }; };
		C8AD07291BC4EA9D00943844 /* AppDelegate.swift in Sources */ = {isa = PBXBuildFile; fileRef = C8AD07281BC4EA9D00943844 /* AppDelegate.swift */; };
		C8AD072B1BC4EA9D00943844 /* ViewController.swift in Sources */ = {isa = PBXBuildFile; fileRef = C8AD072A1BC4EA9D00943844 /* ViewController.swift */; };
		C8AD072D1BC4EA9D00943844 /* Images.xcassets in Resources */ = {isa = PBXBuildFile; fileRef = C8AD072C1BC4EA9D00943844 /* Images.xcassets */; };
		C8AD07301BC4EA9D00943844 /* Main.storyboard in Resources */ = {isa = PBXBuildFile; fileRef = C8AD072E1BC4EA9D00943844 /* Main.storyboard */; };
		C8AD07471BC4F0BE00943844 /* ShellTasker.swift in Sources */ = {isa = PBXBuildFile; fileRef = C8AD07461BC4F0BE00943844 /* ShellTasker.swift */; };
		C8EE39121BD323E1007AAAF9 /* MovieConverter.swift in Sources */ = {isa = PBXBuildFile; fileRef = C8EE39111BD323E1007AAAF9 /* MovieConverter.swift */; settings = {ASSET_TAGS = (); }; };
		C8EE39181BD457C9007AAAF9 /* getsize.sh in CopyFiles */ = {isa = PBXBuildFile; fileRef = C8EE39171BD456D2007AAAF9 /* getsize.sh */; };
		C8FEFF921BC79AF000398863 /* EonilFileSystemEvents.framework in Frameworks */ = {isa = PBXBuildFile; fileRef = C8FEFF8B1BC79ADE00398863 /* EonilFileSystemEvents.framework */; };
		C8FEFF941BC79B0300398863 /* EonilFileSystemEvents.framework in Copy Files */ = {isa = PBXBuildFile; fileRef = C8FEFF8B1BC79ADE00398863 /* EonilFileSystemEvents.framework */; settings = {ATTRIBUTES = (RemoveHeadersOnCopy, ); }; };
		C8FEFF9B1BC8514800398863 /* gifify in CopyFiles */ = {isa = PBXBuildFile; fileRef = C8AD074A1BC4F2F400943844 /* gifify */; };
		C8FEFF9E1BC87CCE00398863 /* ffmpeg in CopyFiles */ = {isa = PBXBuildFile; fileRef = C8FEFF9C1BC87CC300398863 /* ffmpeg */; };
		C8FEFFA11BC87D7300398863 /* convert in CopyFiles */ = {isa = PBXBuildFile; fileRef = C8FEFF9F1BC87D6800398863 /* convert */; };
		C8FEFFA31BC8805800398863 /* ffmpeg in Resources */ = {isa = PBXBuildFile; fileRef = C8FEFFA21BC8805800398863 /* ffmpeg */; settings = {ASSET_TAGS = (); }; };
		C8FEFFA61BC8883B00398863 /* libMagickCore-6.Q16.2.dylib in Resources */ = {isa = PBXBuildFile; fileRef = C8FEFFA41BC887A500398863 /* libMagickCore-6.Q16.2.dylib */; };
		C8FEFFAD1BC88A1C00398863 /* libMagick++-6.Q16.la in Resources */ = {isa = PBXBuildFile; fileRef = C8FEFFA81BC88A1C00398863 /* libMagick++-6.Q16.la */; settings = {ASSET_TAGS = (); }; };
		C8FEFFAE1BC88A1C00398863 /* libMagickCore-6.Q16.la in Resources */ = {isa = PBXBuildFile; fileRef = C8FEFFA91BC88A1C00398863 /* libMagickCore-6.Q16.la */; settings = {ASSET_TAGS = (); }; };
		C8FEFFB01BC88A1C00398863 /* libMagickWand-6.Q16.la in Resources */ = {isa = PBXBuildFile; fileRef = C8FEFFAB1BC88A1C00398863 /* libMagickWand-6.Q16.la */; settings = {ASSET_TAGS = (); }; };
		C8FEFFB31BC8935800398863 /* libMagick++-6.Q16.6.dylib in Resources */ = {isa = PBXBuildFile; fileRef = C8FEFFA71BC88A1C00398863 /* libMagick++-6.Q16.6.dylib */; };
		C8FEFFB41BC8935800398863 /* libMagickWand-6.Q16.2.dylib in Resources */ = {isa = PBXBuildFile; fileRef = C8FEFFAA1BC88A1C00398863 /* libMagickWand-6.Q16.2.dylib */; };
		C8FEFFB91BC8978700398863 /* convert in Resources */ = {isa = PBXBuildFile; fileRef = C8FEFFB51BC8978700398863 /* convert */; settings = {ASSET_TAGS = (); }; };
		C8FEFFBE1BC89BD600398863 /* Preferences.swift in Sources */ = {isa = PBXBuildFile; fileRef = C8FEFFBD1BC89BD600398863 /* Preferences.swift */; settings = {ASSET_TAGS = (); }; };
/* End PBXBuildFile section */

/* Begin PBXContainerItemProxy section */
		C8FEFF8A1BC79ADE00398863 /* PBXContainerItemProxy */ = {
			isa = PBXContainerItemProxy;
			containerPortal = C8FEFF831BC79ADE00398863 /* EonilFileSystemEvents.xcodeproj */;
			proxyType = 2;
			remoteGlobalIDString = 45D970A61A1569090037649F;
			remoteInfo = EonilFileSystemEvents;
		};
		C8FEFF8C1BC79ADE00398863 /* PBXContainerItemProxy */ = {
			isa = PBXContainerItemProxy;
			containerPortal = C8FEFF831BC79ADE00398863 /* EonilFileSystemEvents.xcodeproj */;
			proxyType = 2;
			remoteGlobalIDString = 45D970961A155DD50037649F;
			remoteInfo = InternalTester;
		};
		C8FEFF8E1BC79ADE00398863 /* PBXContainerItemProxy */ = {
			isa = PBXContainerItemProxy;
			containerPortal = C8FEFF831BC79ADE00398863 /* EonilFileSystemEvents.xcodeproj */;
			proxyType = 2;
			remoteGlobalIDString = 45DA95801A69F1610091410B;
			remoteInfo = InternalTester4;
		};
		C8FEFF901BC79ADE00398863 /* PBXContainerItemProxy */ = {
			isa = PBXContainerItemProxy;
			containerPortal = C8FEFF831BC79ADE00398863 /* EonilFileSystemEvents.xcodeproj */;
			proxyType = 2;
			remoteGlobalIDString = 45BF99C51A131E3A004E4E2E;
			remoteInfo = TestdriveApp;
		};
/* End PBXContainerItemProxy section */

/* Begin PBXCopyFilesBuildPhase section */
		C8FEFF931BC79AF500398863 /* Copy Files */ = {
			isa = PBXCopyFilesBuildPhase;
			buildActionMask = 2147483647;
			dstPath = "";
			dstSubfolderSpec = 10;
			files = (
				C8FEFF941BC79B0300398863 /* EonilFileSystemEvents.framework in Copy Files */,
			);
			name = "Copy Files";
			runOnlyForDeploymentPostprocessing = 0;
		};
		C8FEFF981BC8513500398863 /* CopyFiles */ = {
			isa = PBXCopyFilesBuildPhase;
			buildActionMask = 12;
			dstPath = "";
			dstSubfolderSpec = 7;
			files = (
				C8EE39181BD457C9007AAAF9 /* getsize.sh in CopyFiles */,
				C8FEFFA11BC87D7300398863 /* convert in CopyFiles */,
				C8FEFF9E1BC87CCE00398863 /* ffmpeg in CopyFiles */,
				C8FEFF9B1BC8514800398863 /* gifify in CopyFiles */,
			);
			runOnlyForDeploymentPostprocessing = 0;
		};
/* End PBXCopyFilesBuildPhase section */

/* Begin PBXFileReference section */
		C82E760F1BC6C0430029F3AB /* LoaderScene.swift */ = {isa = PBXFileReference; fileEncoding = 4; lastKnownFileType = sourcecode.swift; path = LoaderScene.swift; sourceTree = "<group>"; };
		C82E76171BC6DE4A0029F3AB /* MyPlayground.playground */ = {isa = PBXFileReference; lastKnownFileType = file.playground; path = MyPlayground.playground; sourceTree = "<group>"; };
		C82E76181BC703CF0029F3AB /* DragReceiverView.swift */ = {isa = PBXFileReference; fileEncoding = 4; lastKnownFileType = sourcecode.swift; path = DragReceiverView.swift; sourceTree = "<group>"; };
		C841FFA31BC97DC7003BAF34 /* materialcolors.png */ = {isa = PBXFileReference; lastKnownFileType = image.png; path = materialcolors.png; sourceTree = "<group>"; };
		C841FFA91BC97F21003BAF34 /* material255.png */ = {isa = PBXFileReference; lastKnownFileType = image.png; path = material255.png; sourceTree = "<group>"; };
		C841FFAB1BC9804C003BAF34 /* material190.png */ = {isa = PBXFileReference; lastKnownFileType = image.png; path = material190.png; sourceTree = "<group>"; };
		C841FFAD1BC98122003BAF34 /* materialnomid.png */ = {isa = PBXFileReference; lastKnownFileType = image.png; path = materialnomid.png; sourceTree = "<group>"; };
		C841FFAF1BC98366003BAF34 /* limitedmaterial.gif */ = {isa = PBXFileReference; lastKnownFileType = image.gif; path = limitedmaterial.gif; sourceTree = "<group>"; };
		C841FFD01BCA47E3003BAF34 /* DetailsViewController.swift */ = {isa = PBXFileReference; fileEncoding = 4; lastKnownFileType = sourcecode.swift; path = DetailsViewController.swift; sourceTree = "<group>"; };
		C841FFD41BCB85CF003BAF34 /* Constants.swift */ = {isa = PBXFileReference; fileEncoding = 4; lastKnownFileType = sourcecode.swift; path = Constants.swift; sourceTree = "<group>"; };
		C87469611BCCCF3E0017456E /* RollerCoasterGenerator.swift */ = {isa = PBXFileReference; fileEncoding = 4; lastKnownFileType = sourcecode.swift; path = RollerCoasterGenerator.swift; sourceTree = "<group>"; };
		C8ACAA081BC5F137001C5B20 /* Util.swift */ = {isa = PBXFileReference; fileEncoding = 4; lastKnownFileType = sourcecode.swift; path = Util.swift; sourceTree = "<group>"; };
		C8ACAA0E1BC5F431001C5B20 /* MJWatchFolderTextView.swift */ = {isa = PBXFileReference; fileEncoding = 4; lastKnownFileType = sourcecode.swift; path = MJWatchFolderTextView.swift; sourceTree = "<group>"; };
		C8ACAA101BC5FF0D001C5B20 /* FolderWatcher.swift */ = {isa = PBXFileReference; fileEncoding = 4; lastKnownFileType = sourcecode.swift; path = FolderWatcher.swift; sourceTree = "<group>"; };
		C8AD07231BC4EA9D00943844 /* Drop to GIF.app */ = {isa = PBXFileReference; explicitFileType = wrapper.application; includeInIndex = 0; path = "Drop to GIF.app"; sourceTree = BUILT_PRODUCTS_DIR; };
		C8AD07271BC4EA9D00943844 /* Info.plist */ = {isa = PBXFileReference; lastKnownFileType = text.plist.xml; path = Info.plist; sourceTree = "<group>"; };
		C8AD07281BC4EA9D00943844 /* AppDelegate.swift */ = {isa = PBXFileReference; lastKnownFileType = sourcecode.swift; path = AppDelegate.swift; sourceTree = "<group>"; };
		C8AD072A1BC4EA9D00943844 /* ViewController.swift */ = {isa = PBXFileReference; lastKnownFileType = sourcecode.swift; path = ViewController.swift; sourceTree = "<group>"; };
		C8AD072C1BC4EA9D00943844 /* Images.xcassets */ = {isa = PBXFileReference; lastKnownFileType = folder.assetcatalog; path = Images.xcassets; sourceTree = "<group>"; };
		C8AD072F1BC4EA9D00943844 /* Base */ = {isa = PBXFileReference; lastKnownFileType = file.storyboard; name = Base; path = Base.lproj/Main.storyboard; sourceTree = "<group>"; };
		C8AD073A1BC4EA9D00943844 /* Info.plist */ = {isa = PBXFileReference; lastKnownFileType = text.plist.xml; path = Info.plist; sourceTree = "<group>"; };
		C8AD073B1BC4EA9D00943844 /* droptogifTests.swift */ = {isa = PBXFileReference; lastKnownFileType = sourcecode.swift; path = droptogifTests.swift; sourceTree = "<group>"; };
		C8AD07461BC4F0BE00943844 /* ShellTasker.swift */ = {isa = PBXFileReference; fileEncoding = 4; lastKnownFileType = sourcecode.swift; path = ShellTasker.swift; sourceTree = "<group>"; };
		C8AD074A1BC4F2F400943844 /* gifify */ = {isa = PBXFileReference; fileEncoding = 4; lastKnownFileType = text.script.sh; path = gifify; sourceTree = "<group>"; };
		C8EE39111BD323E1007AAAF9 /* MovieConverter.swift */ = {isa = PBXFileReference; fileEncoding = 4; lastKnownFileType = sourcecode.swift; name = MovieConverter.swift; path = Images.xcassets/MovieConverter.swift; sourceTree = "<group>"; };
		C8EE39171BD456D2007AAAF9 /* getsize.sh */ = {isa = PBXFileReference; lastKnownFileType = text.script.sh; path = getsize.sh; sourceTree = "<group>"; };
		C8FEFF681BC7974600398863 /* EonilFileSystemEvents.framework */ = {isa = PBXFileReference; explicitFileType = wrapper.framework; name = EonilFileSystemEvents.framework; path = /Users/mortenjust/code/droptogif/DerivedData/droptogif/Build/Products/Debug/EonilFileSystemEvents.framework; sourceTree = "<absolute>"; };
		C8FEFF831BC79ADE00398863 /* EonilFileSystemEvents.xcodeproj */ = {isa = PBXFileReference; lastKnownFileType = "wrapper.pb-project"; name = EonilFileSystemEvents.xcodeproj; path = ../thirdparty/FileSystemEvents/Project/EonilFileSystemEvents.xcodeproj; sourceTree = "<group>"; };
		C8FEFF9C1BC87CC300398863 /* ffmpeg */ = {isa = PBXFileReference; lastKnownFileType = "compiled.mach-o.executable"; name = ffmpeg; path = /Users/mortenjust/code/droptogif/droptogif/ffmpeg; sourceTree = "<absolute>"; };
		C8FEFF9F1BC87D6800398863 /* convert */ = {isa = PBXFileReference; lastKnownFileType = "compiled.mach-o.executable"; name = convert; path = /Users/mortenjust/code/droptogif/droptogif/convert; sourceTree = "<absolute>"; };
		C8FEFFA21BC8805800398863 /* ffmpeg */ = {isa = PBXFileReference; lastKnownFileType = "compiled.mach-o.executable"; path = ffmpeg; sourceTree = "<group>"; };
		C8FEFFA41BC887A500398863 /* libMagickCore-6.Q16.2.dylib */ = {isa = PBXFileReference; lastKnownFileType = "compiled.mach-o.dylib"; name = "libMagickCore-6.Q16.2.dylib"; path = "/Users/mortenjust/code/droptogif/droptogif/libMagickCore-6.Q16.2.dylib"; sourceTree = "<absolute>"; };
		C8FEFFA71BC88A1C00398863 /* libMagick++-6.Q16.6.dylib */ = {isa = PBXFileReference; lastKnownFileType = "compiled.mach-o.dylib"; name = "libMagick++-6.Q16.6.dylib"; path = "/Users/mortenjust/code/droptogif/droptogif/libMagick++-6.Q16.6.dylib"; sourceTree = "<absolute>"; };
		C8FEFFA81BC88A1C00398863 /* libMagick++-6.Q16.la */ = {isa = PBXFileReference; fileEncoding = 4; lastKnownFileType = text; path = "libMagick++-6.Q16.la"; sourceTree = "<group>"; };
		C8FEFFA91BC88A1C00398863 /* libMagickCore-6.Q16.la */ = {isa = PBXFileReference; fileEncoding = 4; lastKnownFileType = text; path = "libMagickCore-6.Q16.la"; sourceTree = "<group>"; };
		C8FEFFAA1BC88A1C00398863 /* libMagickWand-6.Q16.2.dylib */ = {isa = PBXFileReference; lastKnownFileType = "compiled.mach-o.dylib"; name = "libMagickWand-6.Q16.2.dylib"; path = "/Users/mortenjust/code/droptogif/droptogif/libMagickWand-6.Q16.2.dylib"; sourceTree = "<absolute>"; };
		C8FEFFAB1BC88A1C00398863 /* libMagickWand-6.Q16.la */ = {isa = PBXFileReference; fileEncoding = 4; lastKnownFileType = text; path = "libMagickWand-6.Q16.la"; sourceTree = "<group>"; };
		C8FEFFB51BC8978700398863 /* convert */ = {isa = PBXFileReference; lastKnownFileType = "compiled.mach-o.executable"; path = convert; sourceTree = "<group>"; };
		C8FEFFB61BC8978700398863 /* libMagick++-6.Q16.6.dylib */ = {isa = PBXFileReference; lastKnownFileType = "compiled.mach-o.dylib"; path = "libMagick++-6.Q16.6.dylib"; sourceTree = "<group>"; };
		C8FEFFB71BC8978700398863 /* libMagickCore-6.Q16.2.dylib */ = {isa = PBXFileReference; lastKnownFileType = "compiled.mach-o.dylib"; path = "libMagickCore-6.Q16.2.dylib"; sourceTree = "<group>"; };
		C8FEFFB81BC8978700398863 /* libMagickWand-6.Q16.2.dylib */ = {isa = PBXFileReference; lastKnownFileType = "compiled.mach-o.dylib"; path = "libMagickWand-6.Q16.2.dylib"; sourceTree = "<group>"; };
		C8FEFFBD1BC89BD600398863 /* Preferences.swift */ = {isa = PBXFileReference; fileEncoding = 4; lastKnownFileType = sourcecode.swift; path = Preferences.swift; sourceTree = "<group>"; };
/* End PBXFileReference section */

/* Begin PBXFrameworksBuildPhase section */
		C8AD07201BC4EA9D00943844 /* Frameworks */ = {
			isa = PBXFrameworksBuildPhase;
			buildActionMask = 2147483647;
			files = (
				C8FEFF921BC79AF000398863 /* EonilFileSystemEvents.framework in Frameworks */,
			);
			runOnlyForDeploymentPostprocessing = 0;
		};
/* End PBXFrameworksBuildPhase section */

/* Begin PBXGroup section */
		C8AD071A1BC4EA9D00943844 = {
			isa = PBXGroup;
			children = (
				C87469611BCCCF3E0017456E /* RollerCoasterGenerator.swift */,
				C8FEFF831BC79ADE00398863 /* EonilFileSystemEvents.xcodeproj */,
				C82E76171BC6DE4A0029F3AB /* MyPlayground.playground */,
				C8AD07251BC4EA9D00943844 /* droptogif */,
				C8AD07381BC4EA9D00943844 /* droptogifTests */,
				C8AD07241BC4EA9D00943844 /* Products */,
			);
			sourceTree = "<group>";
		};
		C8AD07241BC4EA9D00943844 /* Products */ = {
			isa = PBXGroup;
			children = (
				C8AD07231BC4EA9D00943844 /* Drop to GIF.app */,
			);
			name = Products;
			sourceTree = "<group>";
		};
		C8AD07251BC4EA9D00943844 /* droptogif */ = {
			isa = PBXGroup;
			children = (
				C8FEFF6A1BC7974600398863 /* Products */,
				C8ACAA101BC5FF0D001C5B20 /* FolderWatcher.swift */,
				C82E760F1BC6C0430029F3AB /* LoaderScene.swift */,
				C841FFD41BCB85CF003BAF34 /* Constants.swift */,
				C8EE39111BD323E1007AAAF9 /* MovieConverter.swift */,
				C8AD07451BC4EBF300943844 /* Scripts */,
				C8AD07281BC4EA9D00943844 /* AppDelegate.swift */,
				C8AD07461BC4F0BE00943844 /* ShellTasker.swift */,
				C8AD072A1BC4EA9D00943844 /* ViewController.swift */,
				C8ACAA0E1BC5F431001C5B20 /* MJWatchFolderTextView.swift */,
				C8AD072C1BC4EA9D00943844 /* Images.xcassets */,
				C8AD072E1BC4EA9D00943844 /* Main.storyboard */,
				C841FFD01BCA47E3003BAF34 /* DetailsViewController.swift */,
				C8FEFFBD1BC89BD600398863 /* Preferences.swift */,
				C82E76181BC703CF0029F3AB /* DragReceiverView.swift */,
				C8ACAA081BC5F137001C5B20 /* Util.swift */,
				C8AD07261BC4EA9D00943844 /* Supporting Files */,
			);
			path = droptogif;
			sourceTree = "<group>";
		};
		C8AD07261BC4EA9D00943844 /* Supporting Files */ = {
			isa = PBXGroup;
			children = (
				C8AD07271BC4EA9D00943844 /* Info.plist */,
			);
			name = "Supporting Files";
			sourceTree = "<group>";
		};
		C8AD07381BC4EA9D00943844 /* droptogifTests */ = {
			isa = PBXGroup;
			children = (
				C8AD073B1BC4EA9D00943844 /* droptogifTests.swift */,
				C8AD07391BC4EA9D00943844 /* Supporting Files */,
			);
			path = droptogifTests;
			sourceTree = "<group>";
		};
		C8AD07391BC4EA9D00943844 /* Supporting Files */ = {
			isa = PBXGroup;
			children = (
				C8AD073A1BC4EA9D00943844 /* Info.plist */,
			);
			name = "Supporting Files";
			sourceTree = "<group>";
		};
		C8AD07451BC4EBF300943844 /* Scripts */ = {
			isa = PBXGroup;
			children = (
				C841FFAF1BC98366003BAF34 /* limitedmaterial.gif */,
				C841FFAD1BC98122003BAF34 /* materialnomid.png */,
				C841FFAB1BC9804C003BAF34 /* material190.png */,
				C841FFA31BC97DC7003BAF34 /* materialcolors.png */,
				C841FFA91BC97F21003BAF34 /* material255.png */,
				C8FEFFB51BC8978700398863 /* convert */,
				C8FEFFB61BC8978700398863 /* libMagick++-6.Q16.6.dylib */,
				C8FEFFB71BC8978700398863 /* libMagickCore-6.Q16.2.dylib */,
				C8FEFFB81BC8978700398863 /* libMagickWand-6.Q16.2.dylib */,
				C8FEFFA81BC88A1C00398863 /* libMagick++-6.Q16.la */,
				C8FEFFA91BC88A1C00398863 /* libMagickCore-6.Q16.la */,
				C8FEFFAB1BC88A1C00398863 /* libMagickWand-6.Q16.la */,
				C8FEFFA21BC8805800398863 /* ffmpeg */,
				C8AD074A1BC4F2F400943844 /* gifify */,
				C8EE39171BD456D2007AAAF9 /* getsize.sh */,
			);
			name = Scripts;
			sourceTree = "<group>";
		};
		C8FEFF6A1BC7974600398863 /* Products */ = {
			isa = PBXGroup;
			children = (
				C8FEFF681BC7974600398863 /* EonilFileSystemEvents.framework */,
			);
			name = Products;
			path = ../../thirdparty/FileSystemEvents/Project;
			sourceTree = "<group>";
		};
		C8FEFF841BC79ADE00398863 /* Products */ = {
			isa = PBXGroup;
			children = (
				C8FEFF8B1BC79ADE00398863 /* EonilFileSystemEvents.framework */,
				C8FEFF8D1BC79ADE00398863 /* InternalTester */,
				C8FEFF8F1BC79ADE00398863 /* InternalTester4.app */,
				C8FEFF911BC79ADE00398863 /* TestdriveApp.app */,
			);
			name = Products;
			sourceTree = "<group>";
		};
/* End PBXGroup section */

/* Begin PBXHeadersBuildPhase section */
		C8FEFF7C1BC79A1500398863 /* Headers */ = {
			isa = PBXHeadersBuildPhase;
			buildActionMask = 2147483647;
			files = (
			);
			runOnlyForDeploymentPostprocessing = 0;
		};
/* End PBXHeadersBuildPhase section */

/* Begin PBXNativeTarget section */
		C8AD07221BC4EA9D00943844 /* Drop to GIF */ = {
			isa = PBXNativeTarget;
			buildConfigurationList = C8AD073F1BC4EA9D00943844 /* Build configuration list for PBXNativeTarget "Drop to GIF" */;
			buildPhases = (
				C8AD071F1BC4EA9D00943844 /* Sources */,
				C8AD07201BC4EA9D00943844 /* Frameworks */,
				C8AD07211BC4EA9D00943844 /* Resources */,
				C8FEFF7C1BC79A1500398863 /* Headers */,
				C8FEFF931BC79AF500398863 /* Copy Files */,
				C8FEFF981BC8513500398863 /* CopyFiles */,
			);
			buildRules = (
			);
			dependencies = (
			);
			name = "Drop to GIF";
			productName = droptogif;
			productReference = C8AD07231BC4EA9D00943844 /* Drop to GIF.app */;
			productType = "com.apple.product-type.application";
		};
/* End PBXNativeTarget section */

/* Begin PBXProject section */
		C8AD071B1BC4EA9D00943844 /* Project object */ = {
			isa = PBXProject;
			attributes = {
				LastSwiftMigration = 0700;
				LastSwiftUpdateCheck = 0700;
				LastUpgradeCheck = 0700;
				ORGANIZATIONNAME = "Morten Just Petersen";
				TargetAttributes = {
					C8AD07221BC4EA9D00943844 = {
						CreatedOnToolsVersion = 6.4;
						DevelopmentTeam = UDGLB23X37;
					};
				};
			};
			buildConfigurationList = C8AD071E1BC4EA9D00943844 /* Build configuration list for PBXProject "droptogif" */;
			compatibilityVersion = "Xcode 3.2";
			developmentRegion = English;
			hasScannedForEncodings = 0;
			knownRegions = (
				en,
				Base,
			);
			mainGroup = C8AD071A1BC4EA9D00943844;
			productRefGroup = C8AD07241BC4EA9D00943844 /* Products */;
			projectDirPath = "";
			projectReferences = (
				{
					ProductGroup = C8FEFF841BC79ADE00398863 /* Products */;
					ProjectRef = C8FEFF831BC79ADE00398863 /* EonilFileSystemEvents.xcodeproj */;
				},
			);
			projectRoot = "";
			targets = (
				C8AD07221BC4EA9D00943844 /* Drop to GIF */,
			);
		};
/* End PBXProject section */

/* Begin PBXReferenceProxy section */
		C8FEFF8B1BC79ADE00398863 /* EonilFileSystemEvents.framework */ = {
			isa = PBXReferenceProxy;
			fileType = wrapper.framework;
			path = EonilFileSystemEvents.framework;
			remoteRef = C8FEFF8A1BC79ADE00398863 /* PBXContainerItemProxy */;
			sourceTree = BUILT_PRODUCTS_DIR;
		};
		C8FEFF8D1BC79ADE00398863 /* InternalTester */ = {
			isa = PBXReferenceProxy;
			fileType = "compiled.mach-o.executable";
			path = InternalTester;
			remoteRef = C8FEFF8C1BC79ADE00398863 /* PBXContainerItemProxy */;
			sourceTree = BUILT_PRODUCTS_DIR;
		};
		C8FEFF8F1BC79ADE00398863 /* InternalTester4.app */ = {
			isa = PBXReferenceProxy;
			fileType = wrapper.application;
			path = InternalTester4.app;
			remoteRef = C8FEFF8E1BC79ADE00398863 /* PBXContainerItemProxy */;
			sourceTree = BUILT_PRODUCTS_DIR;
		};
		C8FEFF911BC79ADE00398863 /* TestdriveApp.app */ = {
			isa = PBXReferenceProxy;
			fileType = wrapper.application;
			path = TestdriveApp.app;
			remoteRef = C8FEFF901BC79ADE00398863 /* PBXContainerItemProxy */;
			sourceTree = BUILT_PRODUCTS_DIR;
		};
/* End PBXReferenceProxy section */

/* Begin PBXResourcesBuildPhase section */
		C8AD07211BC4EA9D00943844 /* Resources */ = {
			isa = PBXResourcesBuildPhase;
			buildActionMask = 2147483647;
			files = (
				C8FEFFB91BC8978700398863 /* convert in Resources */,
				C841FFAC1BC9804C003BAF34 /* material190.png in Resources */,
				C841FFAA1BC97F21003BAF34 /* material255.png in Resources */,
				C8FEFFB31BC8935800398863 /* libMagick++-6.Q16.6.dylib in Resources */,
				C8FEFFB41BC8935800398863 /* libMagickWand-6.Q16.2.dylib in Resources */,
				C8FEFFA61BC8883B00398863 /* libMagickCore-6.Q16.2.dylib in Resources */,
				C8FEFFAD1BC88A1C00398863 /* libMagick++-6.Q16.la in Resources */,
				C8AD072D1BC4EA9D00943844 /* Images.xcassets in Resources */,
				C8FEFFB01BC88A1C00398863 /* libMagickWand-6.Q16.la in Resources */,
				C8FEFFA31BC8805800398863 /* ffmpeg in Resources */,
				C841FFAE1BC98122003BAF34 /* materialnomid.png in Resources */,
				C841FFB01BC98366003BAF34 /* limitedmaterial.gif in Resources */,
				C841FFA41BC97DC7003BAF34 /* materialcolors.png in Resources */,
				C8FEFFAE1BC88A1C00398863 /* libMagickCore-6.Q16.la in Resources */,
				C8AD07301BC4EA9D00943844 /* Main.storyboard in Resources */,
			);
			runOnlyForDeploymentPostprocessing = 0;
		};
/* End PBXResourcesBuildPhase section */

/* Begin PBXSourcesBuildPhase section */
		C8AD071F1BC4EA9D00943844 /* Sources */ = {
			isa = PBXSourcesBuildPhase;
			buildActionMask = 2147483647;
			files = (
				C8ACAA111BC5FF0D001C5B20 /* FolderWatcher.swift in Sources */,
				C841FFD51BCB85CF003BAF34 /* Constants.swift in Sources */,
				C82E76191BC703D00029F3AB /* DragReceiverView.swift in Sources */,
				C8AD072B1BC4EA9D00943844 /* ViewController.swift in Sources */,
				C8ACAA0F1BC5F431001C5B20 /* MJWatchFolderTextView.swift in Sources */,
				C8EE39121BD323E1007AAAF9 /* MovieConverter.swift in Sources */,
				C82E76101BC6C0430029F3AB /* LoaderScene.swift in Sources */,
				C8AD07471BC4F0BE00943844 /* ShellTasker.swift in Sources */,
				C87469621BCCCF3E0017456E /* RollerCoasterGenerator.swift in Sources */,
				C8AD07291BC4EA9D00943844 /* AppDelegate.swift in Sources */,
				C8ACAA091BC5F137001C5B20 /* Util.swift in Sources */,
				C8FEFFBE1BC89BD600398863 /* Preferences.swift in Sources */,
				C841FFD11BCA47E3003BAF34 /* DetailsViewController.swift in Sources */,
			);
			runOnlyForDeploymentPostprocessing = 0;
		};
/* End PBXSourcesBuildPhase section */

/* Begin PBXVariantGroup section */
		C8AD072E1BC4EA9D00943844 /* Main.storyboard */ = {
			isa = PBXVariantGroup;
			children = (
				C8AD072F1BC4EA9D00943844 /* Base */,
			);
			name = Main.storyboard;
			sourceTree = "<group>";
		};
/* End PBXVariantGroup section */

/* Begin XCBuildConfiguration section */
		C8AD073D1BC4EA9D00943844 /* Debug */ = {
			isa = XCBuildConfiguration;
			buildSettings = {
				ALWAYS_SEARCH_USER_PATHS = NO;
				CLANG_CXX_LANGUAGE_STANDARD = "gnu++0x";
				CLANG_CXX_LIBRARY = "libc++";
				CLANG_ENABLE_MODULES = YES;
				CLANG_ENABLE_OBJC_ARC = YES;
				CLANG_WARN_BOOL_CONVERSION = YES;
				CLANG_WARN_CONSTANT_CONVERSION = YES;
				CLANG_WARN_DIRECT_OBJC_ISA_USAGE = YES_ERROR;
				CLANG_WARN_EMPTY_BODY = YES;
				CLANG_WARN_ENUM_CONVERSION = YES;
				CLANG_WARN_INT_CONVERSION = YES;
				CLANG_WARN_OBJC_ROOT_CLASS = YES_ERROR;
				CLANG_WARN_UNREACHABLE_CODE = YES;
				CLANG_WARN__DUPLICATE_METHOD_MATCH = YES;
				CODE_SIGN_IDENTITY = "-";
				COPY_PHASE_STRIP = NO;
				DEBUG_INFORMATION_FORMAT = dwarf;
				ENABLE_STRICT_OBJC_MSGSEND = YES;
				ENABLE_TESTABILITY = YES;
				"FRAMEWORK_SEARCH_PATHS[arch=*]" = "$(SRCROOT)";
				GCC_C_LANGUAGE_STANDARD = gnu99;
				GCC_DYNAMIC_NO_PIC = NO;
				GCC_NO_COMMON_BLOCKS = YES;
				GCC_OPTIMIZATION_LEVEL = 0;
				GCC_PREPROCESSOR_DEFINITIONS = (
					"DEBUG=1",
					"$(inherited)",
				);
				GCC_SYMBOLS_PRIVATE_EXTERN = NO;
				GCC_WARN_64_TO_32_BIT_CONVERSION = YES;
				GCC_WARN_ABOUT_RETURN_TYPE = YES_ERROR;
				GCC_WARN_UNDECLARED_SELECTOR = YES;
				GCC_WARN_UNINITIALIZED_AUTOS = YES_AGGRESSIVE;
				GCC_WARN_UNUSED_FUNCTION = YES;
				GCC_WARN_UNUSED_VARIABLE = YES;
				MACOSX_DEPLOYMENT_TARGET = 10.10;
				MTL_ENABLE_DEBUG_INFO = YES;
				ONLY_ACTIVE_ARCH = YES;
				SDKROOT = macosx;
				SWIFT_OPTIMIZATION_LEVEL = "-Onone";
			};
			name = Debug;
		};
		C8AD073E1BC4EA9D00943844 /* Release */ = {
			isa = XCBuildConfiguration;
			buildSettings = {
				ALWAYS_SEARCH_USER_PATHS = NO;
				CLANG_CXX_LANGUAGE_STANDARD = "gnu++0x";
				CLANG_CXX_LIBRARY = "libc++";
				CLANG_ENABLE_MODULES = YES;
				CLANG_ENABLE_OBJC_ARC = YES;
				CLANG_WARN_BOOL_CONVERSION = YES;
				CLANG_WARN_CONSTANT_CONVERSION = YES;
				CLANG_WARN_DIRECT_OBJC_ISA_USAGE = YES_ERROR;
				CLANG_WARN_EMPTY_BODY = YES;
				CLANG_WARN_ENUM_CONVERSION = YES;
				CLANG_WARN_INT_CONVERSION = YES;
				CLANG_WARN_OBJC_ROOT_CLASS = YES_ERROR;
				CLANG_WARN_UNREACHABLE_CODE = YES;
				CLANG_WARN__DUPLICATE_METHOD_MATCH = YES;
				CODE_SIGN_IDENTITY = "-";
				COPY_PHASE_STRIP = NO;
				DEBUG_INFORMATION_FORMAT = "dwarf-with-dsym";
				ENABLE_NS_ASSERTIONS = NO;
				ENABLE_STRICT_OBJC_MSGSEND = YES;
				"FRAMEWORK_SEARCH_PATHS[arch=*]" = "$(SRCROOT)";
				GCC_C_LANGUAGE_STANDARD = gnu99;
				GCC_NO_COMMON_BLOCKS = YES;
				GCC_WARN_64_TO_32_BIT_CONVERSION = YES;
				GCC_WARN_ABOUT_RETURN_TYPE = YES_ERROR;
				GCC_WARN_UNDECLARED_SELECTOR = YES;
				GCC_WARN_UNINITIALIZED_AUTOS = YES_AGGRESSIVE;
				GCC_WARN_UNUSED_FUNCTION = YES;
				GCC_WARN_UNUSED_VARIABLE = YES;
				MACOSX_DEPLOYMENT_TARGET = 10.10;
				MTL_ENABLE_DEBUG_INFO = NO;
				SDKROOT = macosx;
			};
			name = Release;
		};
		C8AD07401BC4EA9D00943844 /* Debug */ = {
			isa = XCBuildConfiguration;
			buildSettings = {
				ALWAYS_SEARCH_USER_PATHS = NO;
				ASSETCATALOG_COMPILER_APPICON_NAME = AppIcon;
				CODE_SIGN_IDENTITY = "Developer ID Application";
				COMBINE_HIDPI_IMAGES = YES;
				FRAMEWORK_SEARCH_PATHS = (
					"<Multiple",
					"values>/**",
					"$(PROJECT_DIR)/DerivedData/droptogif/Build/Products/Debug",
				);
				"FRAMEWORK_SEARCH_PATHS[arch=*]" = "$(SRCROOT)/**";
				HEADER_SEARCH_PATHS = "$(BUILD_ROOT)/../IntermediateBuildFilesPath/UninstalledProducts/include/**";
				INFOPLIST_FILE = droptogif/Info.plist;
				LD_RUNPATH_SEARCH_PATHS = "$(inherited) @executable_path/../Frameworks";
				LIBRARY_SEARCH_PATHS = (
					"$(inherited)",
					"$(PROJECT_DIR)/droptogif",
				);
				MACOSX_DEPLOYMENT_TARGET = 10.10;
				OTHER_LDFLAGS = "-mmacosx-version-min=10.10.0";
				OTHER_SWIFT_FLAGS = "";
				PRODUCT_BUNDLE_IDENTIFIER = "com.mortenjust.$(PRODUCT_NAME:rfc1034identifier)";
				PRODUCT_NAME = "$(TARGET_NAME)";
				PROVISIONING_PROFILE = "ed6a30d1-393e-407e-b920-837867761f99";
				SDKROOT = macosx10.11;
			};
			name = Debug;
		};
		C8AD07411BC4EA9D00943844 /* Release */ = {
			isa = XCBuildConfiguration;
			buildSettings = {
				ALWAYS_SEARCH_USER_PATHS = NO;
				ASSETCATALOG_COMPILER_APPICON_NAME = AppIcon;
				CODE_SIGN_IDENTITY = "Developer ID Application";
				COMBINE_HIDPI_IMAGES = YES;
				FRAMEWORK_SEARCH_PATHS = (
					"<Multiple",
					"values>/**",
					"$(PROJECT_DIR)/DerivedData/droptogif/Build/Products/Debug",
				);
				"FRAMEWORK_SEARCH_PATHS[arch=*]" = "$(SRCROOT)/**";
				HEADER_SEARCH_PATHS = "$(BUILD_ROOT)/../IntermediateBuildFilesPath/UninstalledProducts/include/**";
				INFOPLIST_FILE = droptogif/Info.plist;
				LD_RUNPATH_SEARCH_PATHS = "$(inherited) @executable_path/../Frameworks";
				LIBRARY_SEARCH_PATHS = (
					"$(inherited)",
					"$(PROJECT_DIR)/droptogif",
				);
				MACOSX_DEPLOYMENT_TARGET = 10.10;
				OTHER_LDFLAGS = "-mmacosx-version-min=10.10.0";
				OTHER_SWIFT_FLAGS = "";
				PRODUCT_BUNDLE_IDENTIFIER = "com.mortenjust.$(PRODUCT_NAME:rfc1034identifier)";
				PRODUCT_NAME = "$(TARGET_NAME)";
				PROVISIONING_PROFILE = "ed6a30d1-393e-407e-b920-837867761f99";
				SDKROOT = macosx10.11;
			};
			name = Release;
		};
/* End XCBuildConfiguration section */

/* Begin XCConfigurationList section */
		C8AD071E1BC4EA9D00943844 /* Build configuration list for PBXProject "droptogif" */ = {
			isa = XCConfigurationList;
			buildConfigurations = (
				C8AD073D1BC4EA9D00943844 /* Debug */,
				C8AD073E1BC4EA9D00943844 /* Release */,
			);
			defaultConfigurationIsVisible = 0;
			defaultConfigurationName = Release;
		};
		C8AD073F1BC4EA9D00943844 /* Build configuration list for PBXNativeTarget "Drop to GIF" */ = {
			isa = XCConfigurationList;
			buildConfigurations = (
				C8AD07401BC4EA9D00943844 /* Debug */,
				C8AD07411BC4EA9D00943844 /* Release */,
			);
			defaultConfigurationIsVisible = 0;
			defaultConfigurationName = Release;
		};
/* End XCConfigurationList section */
	};
	rootObject = C8AD071B1BC4EA9D00943844 /* Project object */;
}
